
Microsoft Visual Studio Solution File, Format Version 12.00
Project("{FAE04EC0-301F-11D3-BF4B-00C04F79EFBC}") = "Turbo.Framework", "Turbo.Framework\Turbo.Framework.csproj", "{28A69F6F-9661-4AD0-932F-A7E06CFAB56C}"
EndProject
Global
	GlobalSection(SolutionConfigurationPlatforms) = preSolution
		Debug|Any CPU = Debug|Any CPU
		Release|Any CPU = Release|Any CPU
	EndGlobalSection
	GlobalSection(ProjectConfigurationPlatforms) = postSolution
		{28A69F6F-9661-4AD0-932F-A7E06CFAB56C}.Debug|Any CPU.ActiveCfg = Debug|Any CPU
		{28A69F6F-9661-4AD0-932F-A7E06CFAB56C}.Debug|Any CPU.Build.0 = Debug|Any CPU
		{28A69F6F-9661-4AD0-932F-A7E06CFAB56C}.Release|Any CPU.ActiveCfg = Release|Any CPU
		{28A69F6F-9661-4AD0-932F-A7E06CFAB56C}.Release|Any CPU.Build.0 = Release|Any CPU
	EndGlobalSection
EndGlobal
