
Microsoft Visual Studio Solution File, Format Version 12.00
Project("{FAE04EC0-301F-11D3-BF4B-00C04F79EFBC}") = "Turbo.Framework", "Turbo.Framework\Turbo.Framework.csproj", "{2D1E79BC-A9E6-4977-A4A8-3844804B8C6F}"
EndProject
Global
	GlobalSection(SolutionConfigurationPlatforms) = preSolution
		Debug|Any CPU = Debug|Any CPU
		Release|Any CPU = Release|Any CPU
	EndGlobalSection
	GlobalSection(ProjectConfigurationPlatforms) = postSolution
		{2D1E79BC-A9E6-4977-A4A8-3844804B8C6F}.Debug|Any CPU.ActiveCfg = Debug|Any CPU
		{2D1E79BC-A9E6-4977-A4A8-3844804B8C6F}.Debug|Any CPU.Build.0 = Debug|Any CPU
		{2D1E79BC-A9E6-4977-A4A8-3844804B8C6F}.Release|Any CPU.ActiveCfg = Release|Any CPU
		{2D1E79BC-A9E6-4977-A4A8-3844804B8C6F}.Release|Any CPU.Build.0 = Release|Any CPU
	EndGlobalSection
EndGlobal
